
Microsoft Visual Studio Solution File, Format Version 12.00
# Visual Studio 15
VisualStudioVersion = 15.0.28010.2026
MinimumVisualStudioVersion = 10.0.40219.1
Project("{FAE04EC0-301F-11D3-BF4B-00C04F79EFBC}") = "06_two_arrays_methods", "06_two_arrays_methods\06_two_arrays_methods.csproj", "{4D6EF253-D866-4979-BB06-A9D2AA024596}"
EndProject
Global
	GlobalSection(SolutionConfigurationPlatforms) = preSolution
		Debug|Any CPU = Debug|Any CPU
		Release|Any CPU = Release|Any CPU
	EndGlobalSection
	GlobalSection(ProjectConfigurationPlatforms) = postSolution
		{4D6EF253-D866-4979-BB06-A9D2AA024596}.Debug|Any CPU.ActiveCfg = Debug|Any CPU
		{4D6EF253-D866-4979-BB06-A9D2AA024596}.Debug|Any CPU.Build.0 = Debug|Any CPU
		{4D6EF253-D866-4979-BB06-A9D2AA024596}.Release|Any CPU.ActiveCfg = Release|Any CPU
		{4D6EF253-D866-4979-BB06-A9D2AA024596}.Release|Any CPU.Build.0 = Release|Any CPU
	EndGlobalSection
	GlobalSection(SolutionProperties) = preSolution
		HideSolutionNode = FALSE
	EndGlobalSection
	GlobalSection(ExtensibilityGlobals) = postSolution
		SolutionGuid = {F4BE685B-AAC2-4626-A9CA-9506352C305D}
	EndGlobalSection
EndGlobal
